
Microsoft Visual Studio Solution File, Format Version 12.00
# Visual Studio Version 17
VisualStudioVersion = 17.0.31903.59
MinimumVisualStudioVersion = 10.0.40219.1
Project("{2150E333-8FDC-42A3-9474-1A3956D46DE8}") = "src", "src", "{C946A0C2-A444-4728-9DB5-D5B79331BA4E}"
EndProject
Project("{FAE04EC0-301F-11D3-BF4B-00C04F79EFBC}") = "Evoq.Blockchain", "src\Evoq.Blockchain\Evoq.Blockchain.csproj", "{051783D7-AE0A-4D1F-BD0E-5D7675583AAF}"
EndProject
Project("{2150E333-8FDC-42A3-9474-1A3956D46DE8}") = "tests", "tests", "{5123AE61-3E8A-4C65-92F1-8B34CA293EBB}"
EndProject
Project("{FAE04EC0-301F-11D3-BF4B-00C04F79EFBC}") = "Evoq.Blockchain.Tests", "tests\Evoq.Blockchain.Tests\Evoq.Blockchain.Tests.csproj", "{5CCE027E-CB68-459F-B5A7-9213C921C9D4}"
EndProject
Global
	GlobalSection(SolutionConfigurationPlatforms) = preSolution
		Debug|Any CPU = Debug|Any CPU
		Release|Any CPU = Release|Any CPU
	EndGlobalSection
	GlobalSection(SolutionProperties) = preSolution
		HideSolutionNode = FALSE
	EndGlobalSection
	GlobalSection(ProjectConfigurationPlatforms) = postSolution
		{051783D7-AE0A-4D1F-BD0E-5D7675583AAF}.Debug|Any CPU.ActiveCfg = Debug|Any CPU
		{051783D7-AE0A-4D1F-BD0E-5D7675583AAF}.Debug|Any CPU.Build.0 = Debug|Any CPU
		{051783D7-AE0A-4D1F-BD0E-5D7675583AAF}.Release|Any CPU.ActiveCfg = Release|Any CPU
		{051783D7-AE0A-4D1F-BD0E-5D7675583AAF}.Release|Any CPU.Build.0 = Release|Any CPU
		{5CCE027E-CB68-459F-B5A7-9213C921C9D4}.Debug|Any CPU.ActiveCfg = Debug|Any CPU
		{5CCE027E-CB68-459F-B5A7-9213C921C9D4}.Debug|Any CPU.Build.0 = Debug|Any CPU
		{5CCE027E-CB68-459F-B5A7-9213C921C9D4}.Release|Any CPU.ActiveCfg = Release|Any CPU
		{5CCE027E-CB68-459F-B5A7-9213C921C9D4}.Release|Any CPU.Build.0 = Release|Any CPU
	EndGlobalSection
	GlobalSection(NestedProjects) = preSolution
		{051783D7-AE0A-4D1F-BD0E-5D7675583AAF} = {C946A0C2-A444-4728-9DB5-D5B79331BA4E}
		{5CCE027E-CB68-459F-B5A7-9213C921C9D4} = {5123AE61-3E8A-4C65-92F1-8B34CA293EBB}
	EndGlobalSection
EndGlobal
